// !$*UTF8*$!
{
	archiveVersion = 1;
	classes = {
	};
	objectVersion = 56;
	objects = {

/* Begin PBXBuildFile section */
		AB1B1A192C35BBEC00C453D7 /* FlashButton.swift in Sources */ = {isa = PBXBuildFile; fileRef = AB1B1A182C35BBEC00C453D7 /* FlashButton.swift */; };
		AB1B1A1B2C35BE0900C453D7 /* TimerButton.swift in Sources */ = {isa = PBXBuildFile; fileRef = AB1B1A1A2C35BE0900C453D7 /* TimerButton.swift */; };
		AB1B1A1D2C35C09300C453D7 /* Feature.swift in Sources */ = {isa = PBXBuildFile; fileRef = AB1B1A1C2C35C09300C453D7 /* Feature.swift */; };
		AB1B1A1F2C35C15E00C453D7 /* PoseButton.swift in Sources */ = {isa = PBXBuildFile; fileRef = AB1B1A1E2C35C15E00C453D7 /* PoseButton.swift */; };
		AB1B1A212C35C35300C453D7 /* FeaturesButtonView.swift in Sources */ = {isa = PBXBuildFile; fileRef = AB1B1A202C35C35300C453D7 /* FeaturesButtonView.swift */; };
		AB1B1A242C36E33B00C453D7 /* PoseModal.swift in Sources */ = {isa = PBXBuildFile; fileRef = AB1B1A232C36E33B00C453D7 /* PoseModal.swift */; };
		AB1B1A282C36F71F00C453D7 /* Testing.swift in Sources */ = {isa = PBXBuildFile; fileRef = AB1B1A272C36F71F00C453D7 /* Testing.swift */; };
		AB3D31F72C2BF15100049334 /* CekrekMiniChallengeApp.swift in Sources */ = {isa = PBXBuildFile; fileRef = AB3D31F62C2BF15100049334 /* CekrekMiniChallengeApp.swift */; };
		AB3D31F92C2BF15100049334 /* ContentView.swift in Sources */ = {isa = PBXBuildFile; fileRef = AB3D31F82C2BF15100049334 /* ContentView.swift */; };
		AB3D31FB2C2BF15200049334 /* Assets.xcassets in Resources */ = {isa = PBXBuildFile; fileRef = AB3D31FA2C2BF15200049334 /* Assets.xcassets */; };
		AB3D31FE2C2BF15200049334 /* Preview Assets.xcassets in Resources */ = {isa = PBXBuildFile; fileRef = AB3D31FD2C2BF15200049334 /* Preview Assets.xcassets */; };
		AB3D329A2C32827800049334 /* CameraService.swift in Sources */ = {isa = PBXBuildFile; fileRef = AB3D32992C32827800049334 /* CameraService.swift */; };
		AB3D329C2C3282A100049334 /* CameraView.swift in Sources */ = {isa = PBXBuildFile; fileRef = AB3D329B2C3282A100049334 /* CameraView.swift */; };
		AB3D32A02C32832400049334 /* CameraCaptureView.swift in Sources */ = {isa = PBXBuildFile; fileRef = AB3D329F2C32832400049334 /* CameraCaptureView.swift */; };
		AB3D32A42C32AAF800049334 /* Photo.swift in Sources */ = {isa = PBXBuildFile; fileRef = AB3D32A32C32AAF800049334 /* Photo.swift */; };
/* End PBXBuildFile section */

/* Begin PBXFileReference section */
		AB1B1A182C35BBEC00C453D7 /* FlashButton.swift */ = {isa = PBXFileReference; lastKnownFileType = sourcecode.swift; path = FlashButton.swift; sourceTree = "<group>"; };
		AB1B1A1A2C35BE0900C453D7 /* TimerButton.swift */ = {isa = PBXFileReference; lastKnownFileType = sourcecode.swift; path = TimerButton.swift; sourceTree = "<group>"; };
		AB1B1A1C2C35C09300C453D7 /* Feature.swift */ = {isa = PBXFileReference; lastKnownFileType = sourcecode.swift; path = Feature.swift; sourceTree = "<group>"; };
		AB1B1A1E2C35C15E00C453D7 /* PoseButton.swift */ = {isa = PBXFileReference; lastKnownFileType = sourcecode.swift; path = PoseButton.swift; sourceTree = "<group>"; };
		AB1B1A202C35C35300C453D7 /* FeaturesButtonView.swift */ = {isa = PBXFileReference; lastKnownFileType = sourcecode.swift; path = FeaturesButtonView.swift; sourceTree = "<group>"; };
		AB1B1A232C36E33B00C453D7 /* PoseModal.swift */ = {isa = PBXFileReference; lastKnownFileType = sourcecode.swift; path = PoseModal.swift; sourceTree = "<group>"; };
		AB1B1A272C36F71F00C453D7 /* Testing.swift */ = {isa = PBXFileReference; lastKnownFileType = sourcecode.swift; path = Testing.swift; sourceTree = "<group>"; };
		AB3D31F32C2BF15100049334 /* CekrekMiniChallenge.app */ = {isa = PBXFileReference; explicitFileType = wrapper.application; includeInIndex = 0; path = CekrekMiniChallenge.app; sourceTree = BUILT_PRODUCTS_DIR; };
		AB3D31F62C2BF15100049334 /* CekrekMiniChallengeApp.swift */ = {isa = PBXFileReference; lastKnownFileType = sourcecode.swift; path = CekrekMiniChallengeApp.swift; sourceTree = "<group>"; };
		AB3D31F82C2BF15100049334 /* ContentView.swift */ = {isa = PBXFileReference; lastKnownFileType = sourcecode.swift; path = ContentView.swift; sourceTree = "<group>"; };
		AB3D31FA2C2BF15200049334 /* Assets.xcassets */ = {isa = PBXFileReference; lastKnownFileType = folder.assetcatalog; path = Assets.xcassets; sourceTree = "<group>"; };
		AB3D31FD2C2BF15200049334 /* Preview Assets.xcassets */ = {isa = PBXFileReference; lastKnownFileType = folder.assetcatalog; path = "Preview Assets.xcassets"; sourceTree = "<group>"; };
		AB3D32992C32827800049334 /* CameraService.swift */ = {isa = PBXFileReference; lastKnownFileType = sourcecode.swift; path = CameraService.swift; sourceTree = "<group>"; };
		AB3D329B2C3282A100049334 /* CameraView.swift */ = {isa = PBXFileReference; lastKnownFileType = sourcecode.swift; path = CameraView.swift; sourceTree = "<group>"; };
		AB3D329F2C32832400049334 /* CameraCaptureView.swift */ = {isa = PBXFileReference; lastKnownFileType = sourcecode.swift; path = CameraCaptureView.swift; sourceTree = "<group>"; };
		AB3D32A32C32AAF800049334 /* Photo.swift */ = {isa = PBXFileReference; lastKnownFileType = sourcecode.swift; path = Photo.swift; sourceTree = "<group>"; };
/* End PBXFileReference section */

/* Begin PBXFrameworksBuildPhase section */
		AB3D31F02C2BF15100049334 /* Frameworks */ = {
			isa = PBXFrameworksBuildPhase;
			buildActionMask = 2147483647;
			files = (
			);
			runOnlyForDeploymentPostprocessing = 0;
		};
/* End PBXFrameworksBuildPhase section */

/* Begin PBXGroup section */
		AB1B1A0F2C3534CB00C453D7 /* CameraFeatures */ = {
			isa = PBXGroup;
			children = (
				AB1B1A182C35BBEC00C453D7 /* FlashButton.swift */,
				AB1B1A1A2C35BE0900C453D7 /* TimerButton.swift */,
				AB1B1A1E2C35C15E00C453D7 /* PoseButton.swift */,
				AB1B1A202C35C35300C453D7 /* FeaturesButtonView.swift */,
			);
			path = CameraFeatures;
			sourceTree = "<group>";
		};
		AB1B1A222C36E31E00C453D7 /* Poses */ = {
			isa = PBXGroup;
			children = (
				AB1B1A232C36E33B00C453D7 /* PoseModal.swift */,
			);
			path = Poses;
			sourceTree = "<group>";
		};
		AB3D31EA2C2BF15100049334 = {
			isa = PBXGroup;
			children = (
				AB3D31F52C2BF15100049334 /* CekrekMiniChallenge */,
				AB3D31F42C2BF15100049334 /* Products */,
			);
			sourceTree = "<group>";
		};
		AB3D31F42C2BF15100049334 /* Products */ = {
			isa = PBXGroup;
			children = (
				AB3D31F32C2BF15100049334 /* CekrekMiniChallenge.app */,
			);
			name = Products;
			sourceTree = "<group>";
		};
		AB3D31F52C2BF15100049334 /* CekrekMiniChallenge */ = {
			isa = PBXGroup;
			children = (
				AB1B1A222C36E31E00C453D7 /* Poses */,
				AB3D32A22C32AAE900049334 /* Model */,
				AB1B1A0F2C3534CB00C453D7 /* CameraFeatures */,
				AB3D32982C32825000049334 /* Camera */,
				AB3D31F62C2BF15100049334 /* CekrekMiniChallengeApp.swift */,
				AB3D31F82C2BF15100049334 /* ContentView.swift */,
				AB3D31FA2C2BF15200049334 /* Assets.xcassets */,
				AB3D31FC2C2BF15200049334 /* Preview Content */,
			);
			path = CekrekMiniChallenge;
			sourceTree = "<group>";
		};
		AB3D31FC2C2BF15200049334 /* Preview Content */ = {
			isa = PBXGroup;
			children = (
				AB3D31FD2C2BF15200049334 /* Preview Assets.xcassets */,
			);
			path = "Preview Content";
			sourceTree = "<group>";
		};
		AB3D32982C32825000049334 /* Camera */ = {
			isa = PBXGroup;
			children = (
				AB3D32992C32827800049334 /* CameraService.swift */,
				AB3D329B2C3282A100049334 /* CameraView.swift */,
				AB3D329F2C32832400049334 /* CameraCaptureView.swift */,
				AB1B1A272C36F71F00C453D7 /* Testing.swift */,
			);
			path = Camera;
			sourceTree = "<group>";
		};
		AB3D32A22C32AAE900049334 /* Model */ = {
			isa = PBXGroup;
			children = (
				AB3D32A32C32AAF800049334 /* Photo.swift */,
				AB1B1A1C2C35C09300C453D7 /* Feature.swift */,
			);
			path = Model;
			sourceTree = "<group>";
		};
/* End PBXGroup section */

/* Begin PBXNativeTarget section */
		AB3D31F22C2BF15100049334 /* CekrekMiniChallenge */ = {
			isa = PBXNativeTarget;
			buildConfigurationList = AB3D32012C2BF15200049334 /* Build configuration list for PBXNativeTarget "CekrekMiniChallenge" */;
			buildPhases = (
				AB3D31EF2C2BF15100049334 /* Sources */,
				AB3D31F02C2BF15100049334 /* Frameworks */,
				AB3D31F12C2BF15100049334 /* Resources */,
			);
			buildRules = (
			);
			dependencies = (
			);
			name = CekrekMiniChallenge;
			productName = CekrekMiniChallenge;
			productReference = AB3D31F32C2BF15100049334 /* CekrekMiniChallenge.app */;
			productType = "com.apple.product-type.application";
		};
/* End PBXNativeTarget section */

/* Begin PBXProject section */
		AB3D31EB2C2BF15100049334 /* Project object */ = {
			isa = PBXProject;
			attributes = {
				BuildIndependentTargetsInParallel = 1;
				LastSwiftUpdateCheck = 1530;
				LastUpgradeCheck = 1530;
				TargetAttributes = {
					AB3D31F22C2BF15100049334 = {
						CreatedOnToolsVersion = 15.3;
					};
				};
			};
			buildConfigurationList = AB3D31EE2C2BF15100049334 /* Build configuration list for PBXProject "CekrekMiniChallenge" */;
			compatibilityVersion = "Xcode 14.0";
			developmentRegion = en;
			hasScannedForEncodings = 0;
			knownRegions = (
				en,
				Base,
			);
			mainGroup = AB3D31EA2C2BF15100049334;
			productRefGroup = AB3D31F42C2BF15100049334 /* Products */;
			projectDirPath = "";
			projectRoot = "";
			targets = (
				AB3D31F22C2BF15100049334 /* CekrekMiniChallenge */,
			);
		};
/* End PBXProject section */

/* Begin PBXResourcesBuildPhase section */
		AB3D31F12C2BF15100049334 /* Resources */ = {
			isa = PBXResourcesBuildPhase;
			buildActionMask = 2147483647;
			files = (
				AB3D31FE2C2BF15200049334 /* Preview Assets.xcassets in Resources */,
				AB3D31FB2C2BF15200049334 /* Assets.xcassets in Resources */,
			);
			runOnlyForDeploymentPostprocessing = 0;
		};
/* End PBXResourcesBuildPhase section */

/* Begin PBXSourcesBuildPhase section */
		AB3D31EF2C2BF15100049334 /* Sources */ = {
			isa = PBXSourcesBuildPhase;
			buildActionMask = 2147483647;
			files = (
				AB3D32A02C32832400049334 /* CameraCaptureView.swift in Sources */,
				AB1B1A192C35BBEC00C453D7 /* FlashButton.swift in Sources */,
				AB3D31F92C2BF15100049334 /* ContentView.swift in Sources */,
				AB1B1A1D2C35C09300C453D7 /* Feature.swift in Sources */,
				AB3D31F72C2BF15100049334 /* CekrekMiniChallengeApp.swift in Sources */,
				AB3D32A42C32AAF800049334 /* Photo.swift in Sources */,
				AB1B1A1F2C35C15E00C453D7 /* PoseButton.swift in Sources */,
				AB3D329A2C32827800049334 /* CameraService.swift in Sources */,
				AB1B1A1B2C35BE0900C453D7 /* TimerButton.swift in Sources */,
				AB1B1A282C36F71F00C453D7 /* Testing.swift in Sources */,
				AB1B1A212C35C35300C453D7 /* FeaturesButtonView.swift in Sources */,
				AB1B1A242C36E33B00C453D7 /* PoseModal.swift in Sources */,
				AB3D329C2C3282A100049334 /* CameraView.swift in Sources */,
			);
			runOnlyForDeploymentPostprocessing = 0;
		};
/* End PBXSourcesBuildPhase section */

/* Begin XCBuildConfiguration section */
		AB3D31FF2C2BF15200049334 /* Debug */ = {
			isa = XCBuildConfiguration;
			buildSettings = {
				ALWAYS_SEARCH_USER_PATHS = NO;
				ASSETCATALOG_COMPILER_GENERATE_SWIFT_ASSET_SYMBOL_EXTENSIONS = YES;
				CLANG_ANALYZER_NONNULL = YES;
				CLANG_ANALYZER_NUMBER_OBJECT_CONVERSION = YES_AGGRESSIVE;
				CLANG_CXX_LANGUAGE_STANDARD = "gnu++20";
				CLANG_ENABLE_MODULES = YES;
				CLANG_ENABLE_OBJC_ARC = YES;
				CLANG_ENABLE_OBJC_WEAK = YES;
				CLANG_WARN_BLOCK_CAPTURE_AUTORELEASING = YES;
				CLANG_WARN_BOOL_CONVERSION = YES;
				CLANG_WARN_COMMA = YES;
				CLANG_WARN_CONSTANT_CONVERSION = YES;
				CLANG_WARN_DEPRECATED_OBJC_IMPLEMENTATIONS = YES;
				CLANG_WARN_DIRECT_OBJC_ISA_USAGE = YES_ERROR;
				CLANG_WARN_DOCUMENTATION_COMMENTS = YES;
				CLANG_WARN_EMPTY_BODY = YES;
				CLANG_WARN_ENUM_CONVERSION = YES;
				CLANG_WARN_INFINITE_RECURSION = YES;
				CLANG_WARN_INT_CONVERSION = YES;
				CLANG_WARN_NON_LITERAL_NULL_CONVERSION = YES;
				CLANG_WARN_OBJC_IMPLICIT_RETAIN_SELF = YES;
				CLANG_WARN_OBJC_LITERAL_CONVERSION = YES;
				CLANG_WARN_OBJC_ROOT_CLASS = YES_ERROR;
				CLANG_WARN_QUOTED_INCLUDE_IN_FRAMEWORK_HEADER = YES;
				CLANG_WARN_RANGE_LOOP_ANALYSIS = YES;
				CLANG_WARN_STRICT_PROTOTYPES = YES;
				CLANG_WARN_SUSPICIOUS_MOVE = YES;
				CLANG_WARN_UNGUARDED_AVAILABILITY = YES_AGGRESSIVE;
				CLANG_WARN_UNREACHABLE_CODE = YES;
				CLANG_WARN__DUPLICATE_METHOD_MATCH = YES;
				COPY_PHASE_STRIP = NO;
				DEBUG_INFORMATION_FORMAT = dwarf;
				ENABLE_STRICT_OBJC_MSGSEND = YES;
				ENABLE_TESTABILITY = YES;
				ENABLE_USER_SCRIPT_SANDBOXING = YES;
				GCC_C_LANGUAGE_STANDARD = gnu17;
				GCC_DYNAMIC_NO_PIC = NO;
				GCC_NO_COMMON_BLOCKS = YES;
				GCC_OPTIMIZATION_LEVEL = 0;
				GCC_PREPROCESSOR_DEFINITIONS = (
					"DEBUG=1",
					"$(inherited)",
				);
				GCC_WARN_64_TO_32_BIT_CONVERSION = YES;
				GCC_WARN_ABOUT_RETURN_TYPE = YES_ERROR;
				GCC_WARN_UNDECLARED_SELECTOR = YES;
				GCC_WARN_UNINITIALIZED_AUTOS = YES_AGGRESSIVE;
				GCC_WARN_UNUSED_FUNCTION = YES;
				GCC_WARN_UNUSED_VARIABLE = YES;
				IPHONEOS_DEPLOYMENT_TARGET = 17.4;
				LOCALIZATION_PREFERS_STRING_CATALOGS = YES;
				MTL_ENABLE_DEBUG_INFO = INCLUDE_SOURCE;
				MTL_FAST_MATH = YES;
				ONLY_ACTIVE_ARCH = YES;
				SDKROOT = iphoneos;
				SWIFT_ACTIVE_COMPILATION_CONDITIONS = "DEBUG $(inherited)";
				SWIFT_OPTIMIZATION_LEVEL = "-Onone";
			};
			name = Debug;
		};
		AB3D32002C2BF15200049334 /* Release */ = {
			isa = XCBuildConfiguration;
			buildSettings = {
				ALWAYS_SEARCH_USER_PATHS = NO;
				ASSETCATALOG_COMPILER_GENERATE_SWIFT_ASSET_SYMBOL_EXTENSIONS = YES;
				CLANG_ANALYZER_NONNULL = YES;
				CLANG_ANALYZER_NUMBER_OBJECT_CONVERSION = YES_AGGRESSIVE;
				CLANG_CXX_LANGUAGE_STANDARD = "gnu++20";
				CLANG_ENABLE_MODULES = YES;
				CLANG_ENABLE_OBJC_ARC = YES;
				CLANG_ENABLE_OBJC_WEAK = YES;
				CLANG_WARN_BLOCK_CAPTURE_AUTORELEASING = YES;
				CLANG_WARN_BOOL_CONVERSION = YES;
				CLANG_WARN_COMMA = YES;
				CLANG_WARN_CONSTANT_CONVERSION = YES;
				CLANG_WARN_DEPRECATED_OBJC_IMPLEMENTATIONS = YES;
				CLANG_WARN_DIRECT_OBJC_ISA_USAGE = YES_ERROR;
				CLANG_WARN_DOCUMENTATION_COMMENTS = YES;
				CLANG_WARN_EMPTY_BODY = YES;
				CLANG_WARN_ENUM_CONVERSION = YES;
				CLANG_WARN_INFINITE_RECURSION = YES;
				CLANG_WARN_INT_CONVERSION = YES;
				CLANG_WARN_NON_LITERAL_NULL_CONVERSION = YES;
				CLANG_WARN_OBJC_IMPLICIT_RETAIN_SELF = YES;
				CLANG_WARN_OBJC_LITERAL_CONVERSION = YES;
				CLANG_WARN_OBJC_ROOT_CLASS = YES_ERROR;
				CLANG_WARN_QUOTED_INCLUDE_IN_FRAMEWORK_HEADER = YES;
				CLANG_WARN_RANGE_LOOP_ANALYSIS = YES;
				CLANG_WARN_STRICT_PROTOTYPES = YES;
				CLANG_WARN_SUSPICIOUS_MOVE = YES;
				CLANG_WARN_UNGUARDED_AVAILABILITY = YES_AGGRESSIVE;
				CLANG_WARN_UNREACHABLE_CODE = YES;
				CLANG_WARN__DUPLICATE_METHOD_MATCH = YES;
				COPY_PHASE_STRIP = NO;
				DEBUG_INFORMATION_FORMAT = "dwarf-with-dsym";
				ENABLE_NS_ASSERTIONS = NO;
				ENABLE_STRICT_OBJC_MSGSEND = YES;
				ENABLE_USER_SCRIPT_SANDBOXING = YES;
				GCC_C_LANGUAGE_STANDARD = gnu17;
				GCC_NO_COMMON_BLOCKS = YES;
				GCC_WARN_64_TO_32_BIT_CONVERSION = YES;
				GCC_WARN_ABOUT_RETURN_TYPE = YES_ERROR;
				GCC_WARN_UNDECLARED_SELECTOR = YES;
				GCC_WARN_UNINITIALIZED_AUTOS = YES_AGGRESSIVE;
				GCC_WARN_UNUSED_FUNCTION = YES;
				GCC_WARN_UNUSED_VARIABLE = YES;
				IPHONEOS_DEPLOYMENT_TARGET = 17.4;
				LOCALIZATION_PREFERS_STRING_CATALOGS = YES;
				MTL_ENABLE_DEBUG_INFO = NO;
				MTL_FAST_MATH = YES;
				SDKROOT = iphoneos;
				SWIFT_COMPILATION_MODE = wholemodule;
				VALIDATE_PRODUCT = YES;
			};
			name = Release;
		};
		AB3D32022C2BF15200049334 /* Debug */ = {
			isa = XCBuildConfiguration;
			buildSettings = {
				ASSETCATALOG_COMPILER_APPICON_NAME = AppIcon;
				ASSETCATALOG_COMPILER_GLOBAL_ACCENT_COLOR_NAME = AccentColor;
				CODE_SIGN_STYLE = Automatic;
				CURRENT_PROJECT_VERSION = 1;
				DEVELOPMENT_ASSET_PATHS = "\"CekrekMiniChallenge/Preview Content\"";
				DEVELOPMENT_TEAM = L62ZSF9D69;
				ENABLE_PREVIEWS = YES;
				GENERATE_INFOPLIST_FILE = YES;
				INFOPLIST_KEY_NSCameraUsageDescription = "";
				INFOPLIST_KEY_NSPhotoLibraryAddUsageDescription = "";
				INFOPLIST_KEY_NSPhotoLibraryUsageDescription = "";
				INFOPLIST_KEY_UIApplicationSceneManifest_Generation = YES;
				INFOPLIST_KEY_UIApplicationSupportsIndirectInputEvents = YES;
				INFOPLIST_KEY_UILaunchScreen_Generation = YES;
				INFOPLIST_KEY_UISupportedInterfaceOrientations_iPad = "UIInterfaceOrientationPortrait UIInterfaceOrientationPortraitUpsideDown UIInterfaceOrientationLandscapeLeft UIInterfaceOrientationLandscapeRight";
				INFOPLIST_KEY_UISupportedInterfaceOrientations_iPhone = "UIInterfaceOrientationPortrait UIInterfaceOrientationLandscapeLeft UIInterfaceOrientationLandscapeRight";
				LD_RUNPATH_SEARCH_PATHS = (
					"$(inherited)",
					"@executable_path/Frameworks",
				);
				MARKETING_VERSION = 1.0;
				PRODUCT_BUNDLE_IDENTIFIER = com.bimbim.CekrekMiniChallenge;
				PRODUCT_NAME = "$(TARGET_NAME)";
				SWIFT_EMIT_LOC_STRINGS = YES;
				SWIFT_VERSION = 5.0;
				TARGETED_DEVICE_FAMILY = "1,2";
			};
			name = Debug;
		};
		AB3D32032C2BF15200049334 /* Release */ = {
			isa = XCBuildConfiguration;
			buildSettings = {
				ASSETCATALOG_COMPILER_APPICON_NAME = AppIcon;
				ASSETCATALOG_COMPILER_GLOBAL_ACCENT_COLOR_NAME = AccentColor;
				CODE_SIGN_STYLE = Automatic;
				CURRENT_PROJECT_VERSION = 1;
				DEVELOPMENT_ASSET_PATHS = "\"CekrekMiniChallenge/Preview Content\"";
				DEVELOPMENT_TEAM = L62ZSF9D69;
				ENABLE_PREVIEWS = YES;
				GENERATE_INFOPLIST_FILE = YES;
				INFOPLIST_KEY_NSCameraUsageDescription = "";
				INFOPLIST_KEY_NSPhotoLibraryAddUsageDescription = "";
				INFOPLIST_KEY_NSPhotoLibraryUsageDescription = "";
				INFOPLIST_KEY_UIApplicationSceneManifest_Generation = YES;
				INFOPLIST_KEY_UIApplicationSupportsIndirectInputEvents = YES;
				INFOPLIST_KEY_UILaunchScreen_Generation = YES;
				INFOPLIST_KEY_UISupportedInterfaceOrientations_iPad = "UIInterfaceOrientationPortrait UIInterfaceOrientationPortraitUpsideDown UIInterfaceOrientationLandscapeLeft UIInterfaceOrientationLandscapeRight";
				INFOPLIST_KEY_UISupportedInterfaceOrientations_iPhone = "UIInterfaceOrientationPortrait UIInterfaceOrientationLandscapeLeft UIInterfaceOrientationLandscapeRight";
				LD_RUNPATH_SEARCH_PATHS = (
					"$(inherited)",
					"@executable_path/Frameworks",
				);
				MARKETING_VERSION = 1.0;
				PRODUCT_BUNDLE_IDENTIFIER = com.bimbim.CekrekMiniChallenge;
				PRODUCT_NAME = "$(TARGET_NAME)";
				SWIFT_EMIT_LOC_STRINGS = YES;
				SWIFT_VERSION = 5.0;
				TARGETED_DEVICE_FAMILY = "1,2";
			};
			name = Release;
		};
/* End XCBuildConfiguration section */

/* Begin XCConfigurationList section */
		AB3D31EE2C2BF15100049334 /* Build configuration list for PBXProject "CekrekMiniChallenge" */ = {
			isa = XCConfigurationList;
			buildConfigurations = (
				AB3D31FF2C2BF15200049334 /* Debug */,
				AB3D32002C2BF15200049334 /* Release */,
			);
			defaultConfigurationIsVisible = 0;
			defaultConfigurationName = Release;
		};
		AB3D32012C2BF15200049334 /* Build configuration list for PBXNativeTarget "CekrekMiniChallenge" */ = {
			isa = XCConfigurationList;
			buildConfigurations = (
				AB3D32022C2BF15200049334 /* Debug */,
				AB3D32032C2BF15200049334 /* Release */,
			);
			defaultConfigurationIsVisible = 0;
			defaultConfigurationName = Release;
		};
/* End XCConfigurationList section */
	};
	rootObject = AB3D31EB2C2BF15100049334 /* Project object */;
}
