// !$*UTF8*$!
{
	archiveVersion = 1;
	classes = {
	};
	objectVersion = 56;
	objects = {

/* Begin PBXBuildFile section */
		9F6E3FDC2C359FCA006DC145 /* ButtonView.swift in Sources */ = {isa = PBXBuildFile; fileRef = 9F6E3FDB2C359FCA006DC145 /* ButtonView.swift */; };
		9F6E3FE02C35A233006DC145 /* OBcharacterDummy.swift in Sources */ = {isa = PBXBuildFile; fileRef = 9F6E3FDF2C35A233006DC145 /* OBcharacterDummy.swift */; };
		9F6E3FE22C35A854006DC145 /* ConfidentCharacter.swift in Sources */ = {isa = PBXBuildFile; fileRef = 9F6E3FE12C35A854006DC145 /* ConfidentCharacter.swift */; };
		9F6E3FE42C35AA5F006DC145 /* StrongCharacter.swift in Sources */ = {isa = PBXBuildFile; fileRef = 9F6E3FE32C35AA5F006DC145 /* StrongCharacter.swift */; };
		9F6E3FE62C35AAEC006DC145 /* FriendlyCharacter.swift in Sources */ = {isa = PBXBuildFile; fileRef = 9F6E3FE52C35AAEC006DC145 /* FriendlyCharacter.swift */; };
		9F6E3FE82C35AB7C006DC145 /* GenuineCharacter.swift in Sources */ = {isa = PBXBuildFile; fileRef = 9F6E3FE72C35AB7C006DC145 /* GenuineCharacter.swift */; };
		9F6E3FEA2C35AEB9006DC145 /* FourCharacter.swift in Sources */ = {isa = PBXBuildFile; fileRef = 9F6E3FE92C35AEB9006DC145 /* FourCharacter.swift */; };
		AB3D31F72C2BF15100049334 /* CekrekMiniChallengeApp.swift in Sources */ = {isa = PBXBuildFile; fileRef = AB3D31F62C2BF15100049334 /* CekrekMiniChallengeApp.swift */; };
		AB3D31F92C2BF15100049334 /* ContentView.swift in Sources */ = {isa = PBXBuildFile; fileRef = AB3D31F82C2BF15100049334 /* ContentView.swift */; };
		AB3D31FB2C2BF15200049334 /* Assets.xcassets in Resources */ = {isa = PBXBuildFile; fileRef = AB3D31FA2C2BF15200049334 /* Assets.xcassets */; };
		AB3D31FE2C2BF15200049334 /* Preview Assets.xcassets in Resources */ = {isa = PBXBuildFile; fileRef = AB3D31FD2C2BF15200049334 /* Preview Assets.xcassets */; };
		ABBDB8732C37EB9A00C745D3 /* CameraCaptureView.swift in Sources */ = {isa = PBXBuildFile; fileRef = ABBDB8652C37EB9A00C745D3 /* CameraCaptureView.swift */; };
		ABBDB8742C37EB9A00C745D3 /* CameraService.swift in Sources */ = {isa = PBXBuildFile; fileRef = ABBDB8662C37EB9A00C745D3 /* CameraService.swift */; };
		ABBDB8752C37EB9A00C745D3 /* CameraView.swift in Sources */ = {isa = PBXBuildFile; fileRef = ABBDB8672C37EB9A00C745D3 /* CameraView.swift */; };
		ABBDB8762C37EB9A00C745D3 /* FeaturesButtonView.swift in Sources */ = {isa = PBXBuildFile; fileRef = ABBDB8692C37EB9A00C745D3 /* FeaturesButtonView.swift */; };
		ABBDB8772C37EB9A00C745D3 /* FlashButton.swift in Sources */ = {isa = PBXBuildFile; fileRef = ABBDB86A2C37EB9A00C745D3 /* FlashButton.swift */; };
		ABBDB8782C37EB9A00C745D3 /* PoseButton.swift in Sources */ = {isa = PBXBuildFile; fileRef = ABBDB86B2C37EB9A00C745D3 /* PoseButton.swift */; };
		ABBDB8792C37EB9A00C745D3 /* TimerButton.swift in Sources */ = {isa = PBXBuildFile; fileRef = ABBDB86C2C37EB9A00C745D3 /* TimerButton.swift */; };
		ABBDB87A2C37EB9A00C745D3 /* PoseModal.swift in Sources */ = {isa = PBXBuildFile; fileRef = ABBDB86E2C37EB9A00C745D3 /* PoseModal.swift */; };
		ABBDB87B2C37EB9A00C745D3 /* Feature.swift in Sources */ = {isa = PBXBuildFile; fileRef = ABBDB8702C37EB9A00C745D3 /* Feature.swift */; };
		ABBDB87C2C37EB9A00C745D3 /* Photo.swift in Sources */ = {isa = PBXBuildFile; fileRef = ABBDB8712C37EB9A00C745D3 /* Photo.swift */; };
		ABBDB87E2C37F65000C745D3 /* WatchConnectivityManager.swift in Sources */ = {isa = PBXBuildFile; fileRef = ABBDB87D2C37F65000C745D3 /* WatchConnectivityManager.swift */; };
		ABBDB8AD2C3901B000C745D3 /* WatchCekrekApp.swift in Sources */ = {isa = PBXBuildFile; fileRef = ABBDB8AC2C3901B000C745D3 /* WatchCekrekApp.swift */; };
		ABBDB8AF2C3901B000C745D3 /* ContentView.swift in Sources */ = {isa = PBXBuildFile; fileRef = ABBDB8AE2C3901B000C745D3 /* ContentView.swift */; };
		ABBDB8B12C3901B100C745D3 /* Assets.xcassets in Resources */ = {isa = PBXBuildFile; fileRef = ABBDB8B02C3901B100C745D3 /* Assets.xcassets */; };
		ABBDB8B42C3901B100C745D3 /* Preview Assets.xcassets in Resources */ = {isa = PBXBuildFile; fileRef = ABBDB8B32C3901B100C745D3 /* Preview Assets.xcassets */; };
		ABBDB8B72C3901B100C745D3 /* WatchCekrek Watch App.app in Embed Watch Content */ = {isa = PBXBuildFile; fileRef = ABBDB8AA2C3901B000C745D3 /* WatchCekrek Watch App.app */; settings = {ATTRIBUTES = (RemoveHeadersOnCopy, ); }; };
		ABBDB8BC2C3901CF00C745D3 /* WatchConnectivityManager.swift in Sources */ = {isa = PBXBuildFile; fileRef = ABBDB87D2C37F65000C745D3 /* WatchConnectivityManager.swift */; };
/* End PBXBuildFile section */

/* Begin PBXContainerItemProxy section */
		ABBDB8B52C3901B100C745D3 /* PBXContainerItemProxy */ = {
			isa = PBXContainerItemProxy;
			containerPortal = AB3D31EB2C2BF15100049334 /* Project object */;
			proxyType = 1;
			remoteGlobalIDString = ABBDB8A92C3901B000C745D3;
			remoteInfo = "WatchCekrek Watch App";
		};
/* End PBXContainerItemProxy section */

/* Begin PBXCopyFilesBuildPhase section */
		0DDA43602C373FFA00D27951 /* Embed Watch Content */ = {
			isa = PBXCopyFilesBuildPhase;
			buildActionMask = 2147483647;
			dstPath = "$(CONTENTS_FOLDER_PATH)/Watch";
			dstSubfolderSpec = 16;
			files = (
				ABBDB8B72C3901B100C745D3 /* WatchCekrek Watch App.app in Embed Watch Content */,
			);
			name = "Embed Watch Content";
			runOnlyForDeploymentPostprocessing = 0;
		};
/* End PBXCopyFilesBuildPhase section */

/* Begin PBXFileReference section */
		9F6E3FDB2C359FCA006DC145 /* ButtonView.swift */ = {isa = PBXFileReference; lastKnownFileType = sourcecode.swift; path = ButtonView.swift; sourceTree = "<group>"; };
		9F6E3FDF2C35A233006DC145 /* OBcharacterDummy.swift */ = {isa = PBXFileReference; lastKnownFileType = sourcecode.swift; path = OBcharacterDummy.swift; sourceTree = "<group>"; };
		9F6E3FE12C35A854006DC145 /* ConfidentCharacter.swift */ = {isa = PBXFileReference; lastKnownFileType = sourcecode.swift; path = ConfidentCharacter.swift; sourceTree = "<group>"; };
		9F6E3FE32C35AA5F006DC145 /* StrongCharacter.swift */ = {isa = PBXFileReference; lastKnownFileType = sourcecode.swift; path = StrongCharacter.swift; sourceTree = "<group>"; };
		9F6E3FE52C35AAEC006DC145 /* FriendlyCharacter.swift */ = {isa = PBXFileReference; lastKnownFileType = sourcecode.swift; path = FriendlyCharacter.swift; sourceTree = "<group>"; };
		9F6E3FE72C35AB7C006DC145 /* GenuineCharacter.swift */ = {isa = PBXFileReference; lastKnownFileType = sourcecode.swift; path = GenuineCharacter.swift; sourceTree = "<group>"; };
		9F6E3FE92C35AEB9006DC145 /* FourCharacter.swift */ = {isa = PBXFileReference; lastKnownFileType = sourcecode.swift; path = FourCharacter.swift; sourceTree = "<group>"; };
		AB3D31F32C2BF15100049334 /* CekrekMiniChallenge.app */ = {isa = PBXFileReference; explicitFileType = wrapper.application; includeInIndex = 0; path = CekrekMiniChallenge.app; sourceTree = BUILT_PRODUCTS_DIR; };
		AB3D31F62C2BF15100049334 /* CekrekMiniChallengeApp.swift */ = {isa = PBXFileReference; lastKnownFileType = sourcecode.swift; path = CekrekMiniChallengeApp.swift; sourceTree = "<group>"; };
		AB3D31F82C2BF15100049334 /* ContentView.swift */ = {isa = PBXFileReference; lastKnownFileType = sourcecode.swift; path = ContentView.swift; sourceTree = "<group>"; };
		AB3D31FA2C2BF15200049334 /* Assets.xcassets */ = {isa = PBXFileReference; lastKnownFileType = folder.assetcatalog; path = Assets.xcassets; sourceTree = "<group>"; };
		AB3D31FD2C2BF15200049334 /* Preview Assets.xcassets */ = {isa = PBXFileReference; lastKnownFileType = folder.assetcatalog; path = "Preview Assets.xcassets"; sourceTree = "<group>"; };
		ABBDB8652C37EB9A00C745D3 /* CameraCaptureView.swift */ = {isa = PBXFileReference; fileEncoding = 4; lastKnownFileType = sourcecode.swift; path = CameraCaptureView.swift; sourceTree = "<group>"; };
		ABBDB8662C37EB9A00C745D3 /* CameraService.swift */ = {isa = PBXFileReference; fileEncoding = 4; lastKnownFileType = sourcecode.swift; path = CameraService.swift; sourceTree = "<group>"; };
		ABBDB8672C37EB9A00C745D3 /* CameraView.swift */ = {isa = PBXFileReference; fileEncoding = 4; lastKnownFileType = sourcecode.swift; path = CameraView.swift; sourceTree = "<group>"; };
		ABBDB8692C37EB9A00C745D3 /* FeaturesButtonView.swift */ = {isa = PBXFileReference; fileEncoding = 4; lastKnownFileType = sourcecode.swift; path = FeaturesButtonView.swift; sourceTree = "<group>"; };
		ABBDB86A2C37EB9A00C745D3 /* FlashButton.swift */ = {isa = PBXFileReference; fileEncoding = 4; lastKnownFileType = sourcecode.swift; path = FlashButton.swift; sourceTree = "<group>"; };
		ABBDB86B2C37EB9A00C745D3 /* PoseButton.swift */ = {isa = PBXFileReference; fileEncoding = 4; lastKnownFileType = sourcecode.swift; path = PoseButton.swift; sourceTree = "<group>"; };
		ABBDB86C2C37EB9A00C745D3 /* TimerButton.swift */ = {isa = PBXFileReference; fileEncoding = 4; lastKnownFileType = sourcecode.swift; path = TimerButton.swift; sourceTree = "<group>"; };
		ABBDB86E2C37EB9A00C745D3 /* PoseModal.swift */ = {isa = PBXFileReference; fileEncoding = 4; lastKnownFileType = sourcecode.swift; path = PoseModal.swift; sourceTree = "<group>"; };
		ABBDB8702C37EB9A00C745D3 /* Feature.swift */ = {isa = PBXFileReference; fileEncoding = 4; lastKnownFileType = sourcecode.swift; path = Feature.swift; sourceTree = "<group>"; };
		ABBDB8712C37EB9A00C745D3 /* Photo.swift */ = {isa = PBXFileReference; fileEncoding = 4; lastKnownFileType = sourcecode.swift; path = Photo.swift; sourceTree = "<group>"; };
		ABBDB87D2C37F65000C745D3 /* WatchConnectivityManager.swift */ = {isa = PBXFileReference; fileEncoding = 4; lastKnownFileType = sourcecode.swift; path = WatchConnectivityManager.swift; sourceTree = "<group>"; };
		ABBDB8AA2C3901B000C745D3 /* WatchCekrek Watch App.app */ = {isa = PBXFileReference; explicitFileType = wrapper.application; includeInIndex = 0; path = "WatchCekrek Watch App.app"; sourceTree = BUILT_PRODUCTS_DIR; };
		ABBDB8AC2C3901B000C745D3 /* WatchCekrekApp.swift */ = {isa = PBXFileReference; lastKnownFileType = sourcecode.swift; path = WatchCekrekApp.swift; sourceTree = "<group>"; };
		ABBDB8AE2C3901B000C745D3 /* ContentView.swift */ = {isa = PBXFileReference; lastKnownFileType = sourcecode.swift; path = ContentView.swift; sourceTree = "<group>"; };
		ABBDB8B02C3901B100C745D3 /* Assets.xcassets */ = {isa = PBXFileReference; lastKnownFileType = folder.assetcatalog; path = Assets.xcassets; sourceTree = "<group>"; };
		ABBDB8B32C3901B100C745D3 /* Preview Assets.xcassets */ = {isa = PBXFileReference; lastKnownFileType = folder.assetcatalog; path = "Preview Assets.xcassets"; sourceTree = "<group>"; };
/* End PBXFileReference section */

/* Begin PBXFrameworksBuildPhase section */
		AB3D31F02C2BF15100049334 /* Frameworks */ = {
			isa = PBXFrameworksBuildPhase;
			buildActionMask = 2147483647;
			files = (
			);
			runOnlyForDeploymentPostprocessing = 0;
		};
		ABBDB8A72C3901B000C745D3 /* Frameworks */ = {
			isa = PBXFrameworksBuildPhase;
			buildActionMask = 2147483647;
			files = (
			);
			runOnlyForDeploymentPostprocessing = 0;
		};
/* End PBXFrameworksBuildPhase section */

/* Begin PBXGroup section */
		9F6E3FDA2C359E60006DC145 /* components */ = {
			isa = PBXGroup;
			children = (
				9F6E3FDB2C359FCA006DC145 /* ButtonView.swift */,
			);
			path = components;
			sourceTree = "<group>";
		};
		9F6E3FDE2C35A19B006DC145 /* onboarding */ = {
			isa = PBXGroup;
			children = (
				9F6E3FDF2C35A233006DC145 /* OBcharacterDummy.swift */,
				9F6E3FE12C35A854006DC145 /* ConfidentCharacter.swift */,
				9F6E3FE32C35AA5F006DC145 /* StrongCharacter.swift */,
				9F6E3FE52C35AAEC006DC145 /* FriendlyCharacter.swift */,
				9F6E3FE72C35AB7C006DC145 /* GenuineCharacter.swift */,
				9F6E3FE92C35AEB9006DC145 /* FourCharacter.swift */,
			);
			path = onboarding;
			sourceTree = "<group>";
		};
		AB3D31EA2C2BF15100049334 = {
			isa = PBXGroup;
			children = (
				AB3D31F52C2BF15100049334 /* CekrekMiniChallenge */,
				ABBDB8AB2C3901B000C745D3 /* WatchCekrek Watch App */,
				AB3D31F42C2BF15100049334 /* Products */,
			);
			sourceTree = "<group>";
		};
		AB3D31F42C2BF15100049334 /* Products */ = {
			isa = PBXGroup;
			children = (
				AB3D31F32C2BF15100049334 /* CekrekMiniChallenge.app */,
				ABBDB8AA2C3901B000C745D3 /* WatchCekrek Watch App.app */,
			);
			name = Products;
			sourceTree = "<group>";
		};
		AB3D31F52C2BF15100049334 /* CekrekMiniChallenge */ = {
			isa = PBXGroup;
			children = (
				ABBDB87D2C37F65000C745D3 /* WatchConnectivityManager.swift */,
				ABBDB8682C37EB9A00C745D3 /* Camera */,
				ABBDB86D2C37EB9A00C745D3 /* CameraFeatures */,
				ABBDB8722C37EB9A00C745D3 /* Model */,
				ABBDB86F2C37EB9A00C745D3 /* Poses */,
				9F6E3FDA2C359E60006DC145 /* components */,
				9F6E3FDE2C35A19B006DC145 /* onboarding */,
				AB3D31F62C2BF15100049334 /* CekrekMiniChallengeApp.swift */,
				AB3D31F82C2BF15100049334 /* ContentView.swift */,
				AB3D31FA2C2BF15200049334 /* Assets.xcassets */,
				AB3D31FC2C2BF15200049334 /* Preview Content */,
			);
			path = CekrekMiniChallenge;
			sourceTree = "<group>";
		};
		AB3D31FC2C2BF15200049334 /* Preview Content */ = {
			isa = PBXGroup;
			children = (
				AB3D31FD2C2BF15200049334 /* Preview Assets.xcassets */,
			);
			path = "Preview Content";
			sourceTree = "<group>";
		};
		ABBDB8682C37EB9A00C745D3 /* Camera */ = {
			isa = PBXGroup;
			children = (
				ABBDB8652C37EB9A00C745D3 /* CameraCaptureView.swift */,
				ABBDB8662C37EB9A00C745D3 /* CameraService.swift */,
				ABBDB8672C37EB9A00C745D3 /* CameraView.swift */,
			);
			path = Camera;
			sourceTree = "<group>";
		};
		ABBDB86D2C37EB9A00C745D3 /* CameraFeatures */ = {
			isa = PBXGroup;
			children = (
				ABBDB8692C37EB9A00C745D3 /* FeaturesButtonView.swift */,
				ABBDB86A2C37EB9A00C745D3 /* FlashButton.swift */,
				ABBDB86B2C37EB9A00C745D3 /* PoseButton.swift */,
				ABBDB86C2C37EB9A00C745D3 /* TimerButton.swift */,
			);
			path = CameraFeatures;
			sourceTree = "<group>";
		};
		ABBDB86F2C37EB9A00C745D3 /* Poses */ = {
			isa = PBXGroup;
			children = (
				ABBDB86E2C37EB9A00C745D3 /* PoseModal.swift */,
			);
			path = Poses;
			sourceTree = "<group>";
		};
		ABBDB8722C37EB9A00C745D3 /* Model */ = {
			isa = PBXGroup;
			children = (
				ABBDB8702C37EB9A00C745D3 /* Feature.swift */,
				ABBDB8712C37EB9A00C745D3 /* Photo.swift */,
			);
			path = Model;
			sourceTree = "<group>";
		};
		ABBDB8AB2C3901B000C745D3 /* WatchCekrek Watch App */ = {
			isa = PBXGroup;
			children = (
				ABBDB8AC2C3901B000C745D3 /* WatchCekrekApp.swift */,
				ABBDB8AE2C3901B000C745D3 /* ContentView.swift */,
				ABBDB8B02C3901B100C745D3 /* Assets.xcassets */,
				ABBDB8B22C3901B100C745D3 /* Preview Content */,
			);
			path = "WatchCekrek Watch App";
			sourceTree = "<group>";
		};
		ABBDB8B22C3901B100C745D3 /* Preview Content */ = {
			isa = PBXGroup;
			children = (
				ABBDB8B32C3901B100C745D3 /* Preview Assets.xcassets */,
			);
			path = "Preview Content";
			sourceTree = "<group>";
		};
/* End PBXGroup section */

/* Begin PBXNativeTarget section */
		AB3D31F22C2BF15100049334 /* CekrekMiniChallenge */ = {
			isa = PBXNativeTarget;
			buildConfigurationList = AB3D32012C2BF15200049334 /* Build configuration list for PBXNativeTarget "CekrekMiniChallenge" */;
			buildPhases = (
				AB3D31EF2C2BF15100049334 /* Sources */,
				AB3D31F02C2BF15100049334 /* Frameworks */,
				AB3D31F12C2BF15100049334 /* Resources */,
				0DDA43602C373FFA00D27951 /* Embed Watch Content */,
			);
			buildRules = (
			);
			dependencies = (
				ABBDB8B62C3901B100C745D3 /* PBXTargetDependency */,
			);
			name = CekrekMiniChallenge;
			productName = CekrekMiniChallenge;
			productReference = AB3D31F32C2BF15100049334 /* CekrekMiniChallenge.app */;
			productType = "com.apple.product-type.application";
		};
		ABBDB8A92C3901B000C745D3 /* WatchCekrek Watch App */ = {
			isa = PBXNativeTarget;
			buildConfigurationList = ABBDB8BA2C3901B100C745D3 /* Build configuration list for PBXNativeTarget "WatchCekrek Watch App" */;
			buildPhases = (
				ABBDB8A62C3901B000C745D3 /* Sources */,
				ABBDB8A72C3901B000C745D3 /* Frameworks */,
				ABBDB8A82C3901B000C745D3 /* Resources */,
			);
			buildRules = (
			);
			dependencies = (
			);
			name = "WatchCekrek Watch App";
			productName = "WatchCekrek Watch App";
			productReference = ABBDB8AA2C3901B000C745D3 /* WatchCekrek Watch App.app */;
			productType = "com.apple.product-type.application";
		};
/* End PBXNativeTarget section */

/* Begin PBXProject section */
		AB3D31EB2C2BF15100049334 /* Project object */ = {
			isa = PBXProject;
			attributes = {
				BuildIndependentTargetsInParallel = 1;
				LastSwiftUpdateCheck = 1530;
				LastUpgradeCheck = 1530;
				TargetAttributes = {
					AB3D31F22C2BF15100049334 = {
						CreatedOnToolsVersion = 15.3;
					};
					ABBDB8A92C3901B000C745D3 = {
						CreatedOnToolsVersion = 15.3;
					};
				};
			};
			buildConfigurationList = AB3D31EE2C2BF15100049334 /* Build configuration list for PBXProject "CekrekMiniChallenge" */;
			compatibilityVersion = "Xcode 14.0";
			developmentRegion = en;
			hasScannedForEncodings = 0;
			knownRegions = (
				en,
				Base,
			);
			mainGroup = AB3D31EA2C2BF15100049334;
			productRefGroup = AB3D31F42C2BF15100049334 /* Products */;
			projectDirPath = "";
			projectRoot = "";
			targets = (
				AB3D31F22C2BF15100049334 /* CekrekMiniChallenge */,
				ABBDB8A92C3901B000C745D3 /* WatchCekrek Watch App */,
			);
		};
/* End PBXProject section */

/* Begin PBXResourcesBuildPhase section */
		AB3D31F12C2BF15100049334 /* Resources */ = {
			isa = PBXResourcesBuildPhase;
			buildActionMask = 2147483647;
			files = (
				AB3D31FE2C2BF15200049334 /* Preview Assets.xcassets in Resources */,
				AB3D31FB2C2BF15200049334 /* Assets.xcassets in Resources */,
			);
			runOnlyForDeploymentPostprocessing = 0;
		};
		ABBDB8A82C3901B000C745D3 /* Resources */ = {
			isa = PBXResourcesBuildPhase;
			buildActionMask = 2147483647;
			files = (
				ABBDB8B42C3901B100C745D3 /* Preview Assets.xcassets in Resources */,
				ABBDB8B12C3901B100C745D3 /* Assets.xcassets in Resources */,
			);
			runOnlyForDeploymentPostprocessing = 0;
		};
/* End PBXResourcesBuildPhase section */

/* Begin PBXSourcesBuildPhase section */
		AB3D31EF2C2BF15100049334 /* Sources */ = {
			isa = PBXSourcesBuildPhase;
			buildActionMask = 2147483647;
			files = (
				ABBDB8742C37EB9A00C745D3 /* CameraService.swift in Sources */,
				9F6E3FE42C35AA5F006DC145 /* StrongCharacter.swift in Sources */,
				9F6E3FE82C35AB7C006DC145 /* GenuineCharacter.swift in Sources */,
				ABBDB8752C37EB9A00C745D3 /* CameraView.swift in Sources */,
				9F6E3FE62C35AAEC006DC145 /* FriendlyCharacter.swift in Sources */,
				ABBDB8782C37EB9A00C745D3 /* PoseButton.swift in Sources */,
				ABBDB87B2C37EB9A00C745D3 /* Feature.swift in Sources */,
				9F6E3FEA2C35AEB9006DC145 /* FourCharacter.swift in Sources */,
				AB3D31F92C2BF15100049334 /* ContentView.swift in Sources */,
				9F6E3FE22C35A854006DC145 /* ConfidentCharacter.swift in Sources */,
				ABBDB8792C37EB9A00C745D3 /* TimerButton.swift in Sources */,
				ABBDB8772C37EB9A00C745D3 /* FlashButton.swift in Sources */,
				ABBDB87C2C37EB9A00C745D3 /* Photo.swift in Sources */,
				ABBDB8762C37EB9A00C745D3 /* FeaturesButtonView.swift in Sources */,
				ABBDB87E2C37F65000C745D3 /* WatchConnectivityManager.swift in Sources */,
				AB3D31F72C2BF15100049334 /* CekrekMiniChallengeApp.swift in Sources */,
				9F6E3FDC2C359FCA006DC145 /* ButtonView.swift in Sources */,
				ABBDB8732C37EB9A00C745D3 /* CameraCaptureView.swift in Sources */,
				ABBDB87A2C37EB9A00C745D3 /* PoseModal.swift in Sources */,
				9F6E3FE02C35A233006DC145 /* OBcharacterDummy.swift in Sources */,
			);
			runOnlyForDeploymentPostprocessing = 0;
		};
		ABBDB8A62C3901B000C745D3 /* Sources */ = {
			isa = PBXSourcesBuildPhase;
			buildActionMask = 2147483647;
			files = (
				ABBDB8AF2C3901B000C745D3 /* ContentView.swift in Sources */,
				ABBDB8BC2C3901CF00C745D3 /* WatchConnectivityManager.swift in Sources */,
				ABBDB8AD2C3901B000C745D3 /* WatchCekrekApp.swift in Sources */,
			);
			runOnlyForDeploymentPostprocessing = 0;
		};
/* End PBXSourcesBuildPhase section */

/* Begin PBXTargetDependency section */
		ABBDB8B62C3901B100C745D3 /* PBXTargetDependency */ = {
			isa = PBXTargetDependency;
			target = ABBDB8A92C3901B000C745D3 /* WatchCekrek Watch App */;
			targetProxy = ABBDB8B52C3901B100C745D3 /* PBXContainerItemProxy */;
		};
/* End PBXTargetDependency section */

/* Begin XCBuildConfiguration section */
		AB3D31FF2C2BF15200049334 /* Debug */ = {
			isa = XCBuildConfiguration;
			buildSettings = {
				ALWAYS_SEARCH_USER_PATHS = NO;
				ASSETCATALOG_COMPILER_GENERATE_SWIFT_ASSET_SYMBOL_EXTENSIONS = YES;
				CLANG_ANALYZER_NONNULL = YES;
				CLANG_ANALYZER_NUMBER_OBJECT_CONVERSION = YES_AGGRESSIVE;
				CLANG_CXX_LANGUAGE_STANDARD = "gnu++20";
				CLANG_ENABLE_MODULES = YES;
				CLANG_ENABLE_OBJC_ARC = YES;
				CLANG_ENABLE_OBJC_WEAK = YES;
				CLANG_WARN_BLOCK_CAPTURE_AUTORELEASING = YES;
				CLANG_WARN_BOOL_CONVERSION = YES;
				CLANG_WARN_COMMA = YES;
				CLANG_WARN_CONSTANT_CONVERSION = YES;
				CLANG_WARN_DEPRECATED_OBJC_IMPLEMENTATIONS = YES;
				CLANG_WARN_DIRECT_OBJC_ISA_USAGE = YES_ERROR;
				CLANG_WARN_DOCUMENTATION_COMMENTS = YES;
				CLANG_WARN_EMPTY_BODY = YES;
				CLANG_WARN_ENUM_CONVERSION = YES;
				CLANG_WARN_INFINITE_RECURSION = YES;
				CLANG_WARN_INT_CONVERSION = YES;
				CLANG_WARN_NON_LITERAL_NULL_CONVERSION = YES;
				CLANG_WARN_OBJC_IMPLICIT_RETAIN_SELF = YES;
				CLANG_WARN_OBJC_LITERAL_CONVERSION = YES;
				CLANG_WARN_OBJC_ROOT_CLASS = YES_ERROR;
				CLANG_WARN_QUOTED_INCLUDE_IN_FRAMEWORK_HEADER = YES;
				CLANG_WARN_RANGE_LOOP_ANALYSIS = YES;
				CLANG_WARN_STRICT_PROTOTYPES = YES;
				CLANG_WARN_SUSPICIOUS_MOVE = YES;
				CLANG_WARN_UNGUARDED_AVAILABILITY = YES_AGGRESSIVE;
				CLANG_WARN_UNREACHABLE_CODE = YES;
				CLANG_WARN__DUPLICATE_METHOD_MATCH = YES;
				COPY_PHASE_STRIP = NO;
				DEBUG_INFORMATION_FORMAT = dwarf;
				ENABLE_STRICT_OBJC_MSGSEND = YES;
				ENABLE_TESTABILITY = YES;
				ENABLE_USER_SCRIPT_SANDBOXING = YES;
				GCC_C_LANGUAGE_STANDARD = gnu17;
				GCC_DYNAMIC_NO_PIC = NO;
				GCC_NO_COMMON_BLOCKS = YES;
				GCC_OPTIMIZATION_LEVEL = 0;
				GCC_PREPROCESSOR_DEFINITIONS = (
					"DEBUG=1",
					"$(inherited)",
				);
				GCC_WARN_64_TO_32_BIT_CONVERSION = YES;
				GCC_WARN_ABOUT_RETURN_TYPE = YES_ERROR;
				GCC_WARN_UNDECLARED_SELECTOR = YES;
				GCC_WARN_UNINITIALIZED_AUTOS = YES_AGGRESSIVE;
				GCC_WARN_UNUSED_FUNCTION = YES;
				GCC_WARN_UNUSED_VARIABLE = YES;
				IPHONEOS_DEPLOYMENT_TARGET = 17.4;
				LOCALIZATION_PREFERS_STRING_CATALOGS = YES;
				MTL_ENABLE_DEBUG_INFO = INCLUDE_SOURCE;
				MTL_FAST_MATH = YES;
				ONLY_ACTIVE_ARCH = YES;
				SDKROOT = iphoneos;
				SWIFT_ACTIVE_COMPILATION_CONDITIONS = "DEBUG $(inherited)";
				SWIFT_OPTIMIZATION_LEVEL = "-Onone";
			};
			name = Debug;
		};
		AB3D32002C2BF15200049334 /* Release */ = {
			isa = XCBuildConfiguration;
			buildSettings = {
				ALWAYS_SEARCH_USER_PATHS = NO;
				ASSETCATALOG_COMPILER_GENERATE_SWIFT_ASSET_SYMBOL_EXTENSIONS = YES;
				CLANG_ANALYZER_NONNULL = YES;
				CLANG_ANALYZER_NUMBER_OBJECT_CONVERSION = YES_AGGRESSIVE;
				CLANG_CXX_LANGUAGE_STANDARD = "gnu++20";
				CLANG_ENABLE_MODULES = YES;
				CLANG_ENABLE_OBJC_ARC = YES;
				CLANG_ENABLE_OBJC_WEAK = YES;
				CLANG_WARN_BLOCK_CAPTURE_AUTORELEASING = YES;
				CLANG_WARN_BOOL_CONVERSION = YES;
				CLANG_WARN_COMMA = YES;
				CLANG_WARN_CONSTANT_CONVERSION = YES;
				CLANG_WARN_DEPRECATED_OBJC_IMPLEMENTATIONS = YES;
				CLANG_WARN_DIRECT_OBJC_ISA_USAGE = YES_ERROR;
				CLANG_WARN_DOCUMENTATION_COMMENTS = YES;
				CLANG_WARN_EMPTY_BODY = YES;
				CLANG_WARN_ENUM_CONVERSION = YES;
				CLANG_WARN_INFINITE_RECURSION = YES;
				CLANG_WARN_INT_CONVERSION = YES;
				CLANG_WARN_NON_LITERAL_NULL_CONVERSION = YES;
				CLANG_WARN_OBJC_IMPLICIT_RETAIN_SELF = YES;
				CLANG_WARN_OBJC_LITERAL_CONVERSION = YES;
				CLANG_WARN_OBJC_ROOT_CLASS = YES_ERROR;
				CLANG_WARN_QUOTED_INCLUDE_IN_FRAMEWORK_HEADER = YES;
				CLANG_WARN_RANGE_LOOP_ANALYSIS = YES;
				CLANG_WARN_STRICT_PROTOTYPES = YES;
				CLANG_WARN_SUSPICIOUS_MOVE = YES;
				CLANG_WARN_UNGUARDED_AVAILABILITY = YES_AGGRESSIVE;
				CLANG_WARN_UNREACHABLE_CODE = YES;
				CLANG_WARN__DUPLICATE_METHOD_MATCH = YES;
				COPY_PHASE_STRIP = NO;
				DEBUG_INFORMATION_FORMAT = "dwarf-with-dsym";
				ENABLE_NS_ASSERTIONS = NO;
				ENABLE_STRICT_OBJC_MSGSEND = YES;
				ENABLE_USER_SCRIPT_SANDBOXING = YES;
				GCC_C_LANGUAGE_STANDARD = gnu17;
				GCC_NO_COMMON_BLOCKS = YES;
				GCC_WARN_64_TO_32_BIT_CONVERSION = YES;
				GCC_WARN_ABOUT_RETURN_TYPE = YES_ERROR;
				GCC_WARN_UNDECLARED_SELECTOR = YES;
				GCC_WARN_UNINITIALIZED_AUTOS = YES_AGGRESSIVE;
				GCC_WARN_UNUSED_FUNCTION = YES;
				GCC_WARN_UNUSED_VARIABLE = YES;
				IPHONEOS_DEPLOYMENT_TARGET = 17.4;
				LOCALIZATION_PREFERS_STRING_CATALOGS = YES;
				MTL_ENABLE_DEBUG_INFO = NO;
				MTL_FAST_MATH = YES;
				SDKROOT = iphoneos;
				SWIFT_COMPILATION_MODE = wholemodule;
				VALIDATE_PRODUCT = YES;
			};
			name = Release;
		};
		AB3D32022C2BF15200049334 /* Debug */ = {
			isa = XCBuildConfiguration;
			buildSettings = {
				ALWAYS_EMBED_SWIFT_STANDARD_LIBRARIES = YES;
				ASSETCATALOG_COMPILER_APPICON_NAME = AppIcon;
				ASSETCATALOG_COMPILER_GLOBAL_ACCENT_COLOR_NAME = AccentColor;
				CODE_SIGN_STYLE = Automatic;
				CURRENT_PROJECT_VERSION = 1;
				DEVELOPMENT_ASSET_PATHS = "\"CekrekMiniChallenge/Preview Content\"";
				DEVELOPMENT_TEAM = L62ZSF9D69;
				ENABLE_PREVIEWS = YES;
				GENERATE_INFOPLIST_FILE = YES;
				INFOPLIST_KEY_NSCameraUsageDescription = "";
				INFOPLIST_KEY_NSPhotoLibraryAddUsageDescription = "";
				INFOPLIST_KEY_NSPhotoLibraryUsageDescription = "";
				INFOPLIST_KEY_UIApplicationSceneManifest_Generation = YES;
				INFOPLIST_KEY_UIApplicationSupportsIndirectInputEvents = YES;
				INFOPLIST_KEY_UILaunchScreen_Generation = YES;
				INFOPLIST_KEY_UISupportedInterfaceOrientations_iPad = "UIInterfaceOrientationPortrait UIInterfaceOrientationPortraitUpsideDown UIInterfaceOrientationLandscapeLeft UIInterfaceOrientationLandscapeRight";
				INFOPLIST_KEY_UISupportedInterfaceOrientations_iPhone = "UIInterfaceOrientationPortrait UIInterfaceOrientationLandscapeLeft UIInterfaceOrientationLandscapeRight";
				LD_RUNPATH_SEARCH_PATHS = (
					"$(inherited)",
					"@executable_path/Frameworks",
				);
				MARKETING_VERSION = 1.0;
				PRODUCT_BUNDLE_IDENTIFIER = com.bimbim.CekrekMiniChallenge;
				PRODUCT_NAME = "$(TARGET_NAME)";
				SWIFT_EMIT_LOC_STRINGS = YES;
				SWIFT_VERSION = 5.0;
				TARGETED_DEVICE_FAMILY = "1,2";
			};
			name = Debug;
		};
		AB3D32032C2BF15200049334 /* Release */ = {
			isa = XCBuildConfiguration;
			buildSettings = {
				ALWAYS_EMBED_SWIFT_STANDARD_LIBRARIES = YES;
				ASSETCATALOG_COMPILER_APPICON_NAME = AppIcon;
				ASSETCATALOG_COMPILER_GLOBAL_ACCENT_COLOR_NAME = AccentColor;
				CODE_SIGN_STYLE = Automatic;
				CURRENT_PROJECT_VERSION = 1;
				DEVELOPMENT_ASSET_PATHS = "\"CekrekMiniChallenge/Preview Content\"";
				DEVELOPMENT_TEAM = L62ZSF9D69;
				ENABLE_PREVIEWS = YES;
				GENERATE_INFOPLIST_FILE = YES;
				INFOPLIST_KEY_NSCameraUsageDescription = "";
				INFOPLIST_KEY_NSPhotoLibraryAddUsageDescription = "";
				INFOPLIST_KEY_NSPhotoLibraryUsageDescription = "";
				INFOPLIST_KEY_UIApplicationSceneManifest_Generation = YES;
				INFOPLIST_KEY_UIApplicationSupportsIndirectInputEvents = YES;
				INFOPLIST_KEY_UILaunchScreen_Generation = YES;
				INFOPLIST_KEY_UISupportedInterfaceOrientations_iPad = "UIInterfaceOrientationPortrait UIInterfaceOrientationPortraitUpsideDown UIInterfaceOrientationLandscapeLeft UIInterfaceOrientationLandscapeRight";
				INFOPLIST_KEY_UISupportedInterfaceOrientations_iPhone = "UIInterfaceOrientationPortrait UIInterfaceOrientationLandscapeLeft UIInterfaceOrientationLandscapeRight";
				LD_RUNPATH_SEARCH_PATHS = (
					"$(inherited)",
					"@executable_path/Frameworks",
				);
				MARKETING_VERSION = 1.0;
				PRODUCT_BUNDLE_IDENTIFIER = com.bimbim.CekrekMiniChallenge;
				PRODUCT_NAME = "$(TARGET_NAME)";
				SWIFT_EMIT_LOC_STRINGS = YES;
				SWIFT_VERSION = 5.0;
				TARGETED_DEVICE_FAMILY = "1,2";
			};
			name = Release;
		};
		ABBDB8B82C3901B100C745D3 /* Debug */ = {
			isa = XCBuildConfiguration;
			buildSettings = {
				ASSETCATALOG_COMPILER_APPICON_NAME = AppIcon;
				ASSETCATALOG_COMPILER_GLOBAL_ACCENT_COLOR_NAME = AccentColor;
				CODE_SIGN_STYLE = Automatic;
				CURRENT_PROJECT_VERSION = 1;
				DEVELOPMENT_ASSET_PATHS = "\"WatchCekrek Watch App/Preview Content\"";
				DEVELOPMENT_TEAM = L62ZSF9D69;
				ENABLE_PREVIEWS = YES;
				GENERATE_INFOPLIST_FILE = YES;
				INFOPLIST_KEY_CFBundleDisplayName = WatchCekrek;
				INFOPLIST_KEY_UISupportedInterfaceOrientations = "UIInterfaceOrientationPortrait UIInterfaceOrientationPortraitUpsideDown";
				INFOPLIST_KEY_WKCompanionAppBundleIdentifier = com.bimbim.CekrekMiniChallenge;
				LD_RUNPATH_SEARCH_PATHS = (
					"$(inherited)",
					"@executable_path/Frameworks",
				);
				MARKETING_VERSION = 1.0;
				PRODUCT_BUNDLE_IDENTIFIER = com.bimbim.CekrekMiniChallenge.watchkitapp;
				PRODUCT_NAME = "$(TARGET_NAME)";
				SDKROOT = watchos;
				SKIP_INSTALL = YES;
				SWIFT_EMIT_LOC_STRINGS = YES;
				SWIFT_VERSION = 5.0;
				TARGETED_DEVICE_FAMILY = 4;
				WATCHOS_DEPLOYMENT_TARGET = 10.4;
			};
			name = Debug;
		};
		ABBDB8B92C3901B100C745D3 /* Release */ = {
			isa = XCBuildConfiguration;
			buildSettings = {
				ASSETCATALOG_COMPILER_APPICON_NAME = AppIcon;
				ASSETCATALOG_COMPILER_GLOBAL_ACCENT_COLOR_NAME = AccentColor;
				CODE_SIGN_STYLE = Automatic;
				CURRENT_PROJECT_VERSION = 1;
				DEVELOPMENT_ASSET_PATHS = "\"WatchCekrek Watch App/Preview Content\"";
				DEVELOPMENT_TEAM = L62ZSF9D69;
				ENABLE_PREVIEWS = YES;
				GENERATE_INFOPLIST_FILE = YES;
				INFOPLIST_KEY_CFBundleDisplayName = WatchCekrek;
				INFOPLIST_KEY_UISupportedInterfaceOrientations = "UIInterfaceOrientationPortrait UIInterfaceOrientationPortraitUpsideDown";
				INFOPLIST_KEY_WKCompanionAppBundleIdentifier = com.bimbim.CekrekMiniChallenge;
				LD_RUNPATH_SEARCH_PATHS = (
					"$(inherited)",
					"@executable_path/Frameworks",
				);
				MARKETING_VERSION = 1.0;
				PRODUCT_BUNDLE_IDENTIFIER = com.bimbim.CekrekMiniChallenge.watchkitapp;
				PRODUCT_NAME = "$(TARGET_NAME)";
				SDKROOT = watchos;
				SKIP_INSTALL = YES;
				SWIFT_EMIT_LOC_STRINGS = YES;
				SWIFT_VERSION = 5.0;
				TARGETED_DEVICE_FAMILY = 4;
				WATCHOS_DEPLOYMENT_TARGET = 10.4;
			};
			name = Release;
		};
/* End XCBuildConfiguration section */

/* Begin XCConfigurationList section */
		AB3D31EE2C2BF15100049334 /* Build configuration list for PBXProject "CekrekMiniChallenge" */ = {
			isa = XCConfigurationList;
			buildConfigurations = (
				AB3D31FF2C2BF15200049334 /* Debug */,
				AB3D32002C2BF15200049334 /* Release */,
			);
			defaultConfigurationIsVisible = 0;
			defaultConfigurationName = Release;
		};
		AB3D32012C2BF15200049334 /* Build configuration list for PBXNativeTarget "CekrekMiniChallenge" */ = {
			isa = XCConfigurationList;
			buildConfigurations = (
				AB3D32022C2BF15200049334 /* Debug */,
				AB3D32032C2BF15200049334 /* Release */,
			);
			defaultConfigurationIsVisible = 0;
			defaultConfigurationName = Release;
		};
		ABBDB8BA2C3901B100C745D3 /* Build configuration list for PBXNativeTarget "WatchCekrek Watch App" */ = {
			isa = XCConfigurationList;
			buildConfigurations = (
				ABBDB8B82C3901B100C745D3 /* Debug */,
				ABBDB8B92C3901B100C745D3 /* Release */,
			);
			defaultConfigurationIsVisible = 0;
			defaultConfigurationName = Release;
		};
/* End XCConfigurationList section */
	};
	rootObject = AB3D31EB2C2BF15100049334 /* Project object */;
}
